
Microsoft Visual Studio Solution File, Format Version 12.00
# Visual Studio 15
VisualStudioVersion = 15.0.28010.2041
MinimumVisualStudioVersion = 10.0.40219.1
Project("{FAE04EC0-301F-11D3-BF4B-00C04F79EFBC}") = "TaskManagement", "TaskManagement\TaskManagement.csproj", "{C76EEC2F-820C-47F1-A958-D41F4EC53A78}"
EndProject
Global
	GlobalSection(SolutionConfigurationPlatforms) = preSolution
		Debug|Any CPU = Debug|Any CPU
		Release|Any CPU = Release|Any CPU
	EndGlobalSection
	GlobalSection(ProjectConfigurationPlatforms) = postSolution
		{C76EEC2F-820C-47F1-A958-D41F4EC53A78}.Debug|Any CPU.ActiveCfg = Debug|Any CPU
		{C76EEC2F-820C-47F1-A958-D41F4EC53A78}.Debug|Any CPU.Build.0 = Debug|Any CPU
		{C76EEC2F-820C-47F1-A958-D41F4EC53A78}.Release|Any CPU.ActiveCfg = Release|Any CPU
		{C76EEC2F-820C-47F1-A958-D41F4EC53A78}.Release|Any CPU.Build.0 = Release|Any CPU
	EndGlobalSection
	GlobalSection(SolutionProperties) = preSolution
		HideSolutionNode = FALSE
	EndGlobalSection
	GlobalSection(ExtensibilityGlobals) = postSolution
		SolutionGuid = {CF480A5F-F0F9-4F62-B559-4DF72424675A}
	EndGlobalSection
EndGlobal
